
Microsoft Visual Studio Solution File, Format Version 12.00
# Visual Studio Version 16
VisualStudioVersion = 16.0.30204.135
MinimumVisualStudioVersion = 10.0.40219.1
Project("{FAE04EC0-301F-11D3-BF4B-00C04F79EFBC}") = "grfcTest.App", "grfcTest\grfcTest.App.csproj", "{F9EBE62D-C858-4605-9A64-C652B32E1C81}"
EndProject
Project("{FAE04EC0-301F-11D3-BF4B-00C04F79EFBC}") = "grfcTest.DataLayer", "grfcTest.DataLayer\grfcTest.DataLayer.csproj", "{8B693199-DCB2-40DA-ADA5-6A7A1F4DD821}"
EndProject
Global
	GlobalSection(SolutionConfigurationPlatforms) = preSolution
		Debug|Any CPU = Debug|Any CPU
		Release|Any CPU = Release|Any CPU
	EndGlobalSection
	GlobalSection(ProjectConfigurationPlatforms) = postSolution
		{F9EBE62D-C858-4605-9A64-C652B32E1C81}.Debug|Any CPU.ActiveCfg = Debug|Any CPU
		{F9EBE62D-C858-4605-9A64-C652B32E1C81}.Debug|Any CPU.Build.0 = Debug|Any CPU
		{F9EBE62D-C858-4605-9A64-C652B32E1C81}.Release|Any CPU.ActiveCfg = Release|Any CPU
		{F9EBE62D-C858-4605-9A64-C652B32E1C81}.Release|Any CPU.Build.0 = Release|Any CPU
		{8B693199-DCB2-40DA-ADA5-6A7A1F4DD821}.Debug|Any CPU.ActiveCfg = Debug|Any CPU
		{8B693199-DCB2-40DA-ADA5-6A7A1F4DD821}.Debug|Any CPU.Build.0 = Debug|Any CPU
		{8B693199-DCB2-40DA-ADA5-6A7A1F4DD821}.Release|Any CPU.ActiveCfg = Release|Any CPU
		{8B693199-DCB2-40DA-ADA5-6A7A1F4DD821}.Release|Any CPU.Build.0 = Release|Any CPU
	EndGlobalSection
	GlobalSection(SolutionProperties) = preSolution
		HideSolutionNode = FALSE
	EndGlobalSection
	GlobalSection(ExtensibilityGlobals) = postSolution
		SolutionGuid = {EFE79D92-60A6-4B7A-AB98-9C37465C6890}
	EndGlobalSection
EndGlobal
